
Microsoft Visual Studio Solution File, Format Version 12.00
# Visual Studio Version 17
VisualStudioVersion = 17.2.32630.192
MinimumVisualStudioVersion = 10.0.40219.1
Project("{FAE04EC0-301F-11D3-BF4B-00C04F79EFBC}") = "ProjeITPreProjectMvcUI", "ProjeITPreProject\ProjeITPreProjectMvcUI.csproj", "{D3E08E94-2BF9-4AE3-B5E3-5D9DE38FB2B2}"
EndProject
Project("{FAE04EC0-301F-11D3-BF4B-00C04F79EFBC}") = "Business", "Business\Business.csproj", "{D4425468-B748-4170-B248-A2B90A9D9492}"
EndProject
Project("{FAE04EC0-301F-11D3-BF4B-00C04F79EFBC}") = "Core", "Core\Core.csproj", "{9B3F4D46-505B-469C-A663-17C70013A818}"
EndProject
Project("{FAE04EC0-301F-11D3-BF4B-00C04F79EFBC}") = "DataAccess", "DataAccess\DataAccess.csproj", "{5489FB1F-CD07-4472-B480-5C57988E20C4}"
EndProject
Project("{FAE04EC0-301F-11D3-BF4B-00C04F79EFBC}") = "Entities", "Entities\Entities.csproj", "{F997D91C-F15F-4BC6-9EA7-5BCB0FC74B63}"
EndProject
Global
	GlobalSection(SolutionConfigurationPlatforms) = preSolution
		Debug|Any CPU = Debug|Any CPU
		Release|Any CPU = Release|Any CPU
	EndGlobalSection
	GlobalSection(ProjectConfigurationPlatforms) = postSolution
		{D3E08E94-2BF9-4AE3-B5E3-5D9DE38FB2B2}.Debug|Any CPU.ActiveCfg = Debug|Any CPU
		{D3E08E94-2BF9-4AE3-B5E3-5D9DE38FB2B2}.Debug|Any CPU.Build.0 = Debug|Any CPU
		{D3E08E94-2BF9-4AE3-B5E3-5D9DE38FB2B2}.Release|Any CPU.ActiveCfg = Release|Any CPU
		{D3E08E94-2BF9-4AE3-B5E3-5D9DE38FB2B2}.Release|Any CPU.Build.0 = Release|Any CPU
		{D4425468-B748-4170-B248-A2B90A9D9492}.Debug|Any CPU.ActiveCfg = Debug|Any CPU
		{D4425468-B748-4170-B248-A2B90A9D9492}.Debug|Any CPU.Build.0 = Debug|Any CPU
		{D4425468-B748-4170-B248-A2B90A9D9492}.Release|Any CPU.ActiveCfg = Release|Any CPU
		{D4425468-B748-4170-B248-A2B90A9D9492}.Release|Any CPU.Build.0 = Release|Any CPU
		{9B3F4D46-505B-469C-A663-17C70013A818}.Debug|Any CPU.ActiveCfg = Debug|Any CPU
		{9B3F4D46-505B-469C-A663-17C70013A818}.Debug|Any CPU.Build.0 = Debug|Any CPU
		{9B3F4D46-505B-469C-A663-17C70013A818}.Release|Any CPU.ActiveCfg = Release|Any CPU
		{9B3F4D46-505B-469C-A663-17C70013A818}.Release|Any CPU.Build.0 = Release|Any CPU
		{5489FB1F-CD07-4472-B480-5C57988E20C4}.Debug|Any CPU.ActiveCfg = Debug|Any CPU
		{5489FB1F-CD07-4472-B480-5C57988E20C4}.Debug|Any CPU.Build.0 = Debug|Any CPU
		{5489FB1F-CD07-4472-B480-5C57988E20C4}.Release|Any CPU.ActiveCfg = Release|Any CPU
		{5489FB1F-CD07-4472-B480-5C57988E20C4}.Release|Any CPU.Build.0 = Release|Any CPU
		{F997D91C-F15F-4BC6-9EA7-5BCB0FC74B63}.Debug|Any CPU.ActiveCfg = Debug|Any CPU
		{F997D91C-F15F-4BC6-9EA7-5BCB0FC74B63}.Debug|Any CPU.Build.0 = Debug|Any CPU
		{F997D91C-F15F-4BC6-9EA7-5BCB0FC74B63}.Release|Any CPU.ActiveCfg = Release|Any CPU
		{F997D91C-F15F-4BC6-9EA7-5BCB0FC74B63}.Release|Any CPU.Build.0 = Release|Any CPU
	EndGlobalSection
	GlobalSection(SolutionProperties) = preSolution
		HideSolutionNode = FALSE
	EndGlobalSection
	GlobalSection(ExtensibilityGlobals) = postSolution
		SolutionGuid = {D4936176-E8CC-4BEC-A696-1C6B7BFE3053}
	EndGlobalSection
EndGlobal
